
Microsoft Visual Studio Solution File, Format Version 12.00
# Visual Studio Version 16
VisualStudioVersion = 16.0.30717.126
MinimumVisualStudioVersion = 10.0.40219.1
Project("{9A19103F-16F7-4668-BE54-9A1E7A4F7556}") = "DataAccessLayer", "DataAccessLayer\DataAccessLayer.csproj", "{7B2216D5-26D2-4FB5-9217-133CF8D5A99D}"
EndProject
Project("{9A19103F-16F7-4668-BE54-9A1E7A4F7556}") = "Services", "Services\Services.csproj", "{25C13766-31CB-40D7-B2CC-7F4AABF9A922}"
EndProject
Project("{9A19103F-16F7-4668-BE54-9A1E7A4F7556}") = "MainBookingAPI", "MainBookingAPI\MainBookingAPI.csproj", "{7D493746-DA33-42E9-9272-99F05949D13D}"
EndProject
Project("{FAE04EC0-301F-11D3-BF4B-00C04F79EFBC}") = "BookingUI", "BookingUI\BookingUI.csproj", "{D942A841-F393-4BC5-8227-AB1C0126ABCD}"
EndProject
Global
	GlobalSection(SolutionConfigurationPlatforms) = preSolution
		Debug|Any CPU = Debug|Any CPU
		Release|Any CPU = Release|Any CPU
	EndGlobalSection
	GlobalSection(ProjectConfigurationPlatforms) = postSolution
		{7B2216D5-26D2-4FB5-9217-133CF8D5A99D}.Debug|Any CPU.ActiveCfg = Debug|Any CPU
		{7B2216D5-26D2-4FB5-9217-133CF8D5A99D}.Debug|Any CPU.Build.0 = Debug|Any CPU
		{7B2216D5-26D2-4FB5-9217-133CF8D5A99D}.Release|Any CPU.ActiveCfg = Release|Any CPU
		{7B2216D5-26D2-4FB5-9217-133CF8D5A99D}.Release|Any CPU.Build.0 = Release|Any CPU
		{25C13766-31CB-40D7-B2CC-7F4AABF9A922}.Debug|Any CPU.ActiveCfg = Debug|Any CPU
		{25C13766-31CB-40D7-B2CC-7F4AABF9A922}.Debug|Any CPU.Build.0 = Debug|Any CPU
		{25C13766-31CB-40D7-B2CC-7F4AABF9A922}.Release|Any CPU.ActiveCfg = Release|Any CPU
		{25C13766-31CB-40D7-B2CC-7F4AABF9A922}.Release|Any CPU.Build.0 = Release|Any CPU
		{7D493746-DA33-42E9-9272-99F05949D13D}.Debug|Any CPU.ActiveCfg = Debug|Any CPU
		{7D493746-DA33-42E9-9272-99F05949D13D}.Debug|Any CPU.Build.0 = Debug|Any CPU
		{7D493746-DA33-42E9-9272-99F05949D13D}.Release|Any CPU.ActiveCfg = Release|Any CPU
		{7D493746-DA33-42E9-9272-99F05949D13D}.Release|Any CPU.Build.0 = Release|Any CPU
		{D942A841-F393-4BC5-8227-AB1C0126ABCD}.Debug|Any CPU.ActiveCfg = Debug|Any CPU
		{D942A841-F393-4BC5-8227-AB1C0126ABCD}.Debug|Any CPU.Build.0 = Debug|Any CPU
		{D942A841-F393-4BC5-8227-AB1C0126ABCD}.Release|Any CPU.ActiveCfg = Release|Any CPU
		{D942A841-F393-4BC5-8227-AB1C0126ABCD}.Release|Any CPU.Build.0 = Release|Any CPU
	EndGlobalSection
	GlobalSection(SolutionProperties) = preSolution
		HideSolutionNode = FALSE
	EndGlobalSection
	GlobalSection(ExtensibilityGlobals) = postSolution
		SolutionGuid = {E3472163-6A0B-4EE2-BA26-9D584EE7ACF0}
	EndGlobalSection
EndGlobal
